{
  "object": {
    "pins": [
      {
        "package": "CommonCrypto",
        "repositoryURL": "https://github.com/IBM-Swift/CommonCrypto.git",
        "state": {
          "branch": null,
          "revision": "9156d238dbc4c15455b77b45e721b2bb0b995e31",
          "version": "0.1.5"
        }
      },
      {
        "package": "CryptoSwift",
        "repositoryURL": "https://github.com/krzyzanowskim/CryptoSwift.git",
        "state": {
          "branch": null,
          "revision": "0f5c068f1689984b47a5651e2188d2e95365e403",
          "version": "0.8.1"
        }
      },
      {
        "package": "Cryptor",
        "repositoryURL": "https://github.com/IBM-Swift/BlueCryptor.git",
        "state": {
          "branch": null,
          "revision": "12f9be466d1166b16da8cb2a9d549098990248d1",
          "version": "0.8.25"
        }
      },
      {
        "package": "Elligator",
        "repositoryURL": "https://github.com/OperatorFoundation/Elligator.git",
        "state": {
          "branch": null,
          "revision": "ac7ae7f3d5b0296f0628691914a66f3652bd3c70",
          "version": "0.1.0"
        }
      },
      {
        "package": "HKDF",
        "repositoryURL": "https://github.com/Bouke/HKDF.git",
        "state": {
          "branch": null,
          "revision": "31f2217e3a648cfac898af70cba4dc44724fcba4",
          "version": "3.0.1"
        }
      },
      {
        "package": "Transport",
        "repositoryURL": "https://github.com/OperatorFoundation/Transport.git",
        "state": {
          "branch": null,
          "revision": "1bfcf07f796c7a22b5862a0953182bee0aaa2634",
          "version": "0.0.3"
        }
      },
      {
        "package": "libsodium",
        "repositoryURL": "https://github.com/OperatorFoundation/Clibsodium.git",
        "state": {
          "branch": null,
          "revision": "d2e942a7a9e2920fe144fce194381243aa1018a7",
          "version": "1.0.0"
        }
      },
      {
        "package": "swift-sodium",
        "repositoryURL": "https://github.com/OperatorFoundation/swift-sodium.git",
        "state": {
          "branch": null,
          "revision": "22cdbe7088ac3c009a5aff8abc6d73b0e6b31b02",
          "version": "0.5.3"
        }
      }
    ]
  },
  "version": 1
}
