{
  "object": {
    "pins": [
      {
        "package": "Cryptor",
        "repositoryURL": "https://github.com/IBM-Swift/BlueCryptor.git",
        "state": {
          "branch": null,
          "revision": "6e83ae419817e7272f2f80a7a005a26df366dd8e",
          "version": "1.0.31"
        }
      },
      {
        "package": "Clibsodium",
        "repositoryURL": "https://github.com/tiwoc/Clibsodium.git",
        "state": {
          "branch": null,
          "revision": "2ac72772aae26b2da0b15c253d9bb79ba452f66a",
          "version": "1.0.0"
        }
      },
      {
        "package": "CryptoSwift",
        "repositoryURL": "https://github.com/krzyzanowskim/CryptoSwift.git",
        "state": {
          "branch": null,
          "revision": "3a2acbb32ab68215ee1596ee6004da8e90c3721b",
          "version": "1.0.0"
        }
      },
      {
        "package": "Elligator",
        "repositoryURL": "https://github.com/OperatorFoundation/Elligator.git",
        "state": {
          "branch": null,
          "revision": "ac7ae7f3d5b0296f0628691914a66f3652bd3c70",
          "version": "0.1.0"
        }
      },
      {
        "package": "Flower",
        "repositoryURL": "https://github.com/OperatorFoundation/Flower.git",
        "state": {
          "branch": null,
          "revision": "0cbe0b2f5e903cbf46907cc1267bf35b65fcba6a",
          "version": "0.0.7"
        }
      },
      {
        "package": "HKDF",
        "repositoryURL": "https://github.com/OperatorFoundation/HKDF.git",
        "state": {
          "branch": null,
          "revision": "b0ebaa71d823317d8fedf4108b7e89500eb578c1",
          "version": "3.0.2"
        }
      },
      {
        "package": "ProteanSwift",
        "repositoryURL": "https://github.com/OperatorFoundation/ProteanSwift.git",
        "state": {
          "branch": null,
          "revision": "d866b703a33e2fdf32f509e26bae1ef0f179ab56",
          "version": "1.1.0"
        }
      },
      {
        "package": "ReplicantSwift",
        "repositoryURL": "https://github.com/OperatorFoundation/ReplicantSwift.git",
        "state": {
          "branch": null,
          "revision": "3e65995810804ca6c9c90bea76faed3db49bf7f1",
          "version": "0.3.6"
        }
      },
      {
        "package": "Sodium",
        "repositoryURL": "https://github.com/OperatorFoundation/swift-sodium",
        "state": {
          "branch": null,
          "revision": "1e66f454379716cc7f2be875991ec7f6e37c2132",
          "version": "0.8.4"
        }
      },
      {
        "package": "SwiftQueue",
        "repositoryURL": "https://github.com/OperatorFoundation/SwiftQueue.git",
        "state": {
          "branch": null,
          "revision": "0e5979acbb104516a427bb2bb09debc50ca100b4",
          "version": "0.0.3"
        }
      },
      {
        "package": "Transport",
        "repositoryURL": "https://github.com/OperatorFoundation/Transport.git",
        "state": {
          "branch": null,
          "revision": "50f77398e9914d9d53260eeea5f3c14aa39e2b4a",
          "version": "0.1.1"
        }
      }
    ]
  },
  "version": 1
}
